// !$*UTF8*$!
{
	archiveVersion = 1;
	classes = {
	};
	objectVersion = 56;
	objects = {

/* Begin PBXBuildFile section */
		214D65592A69457300325350 /* EmployeeListEmptyState.swift in Sources */ = {isa = PBXBuildFile; fileRef = 214D65582A69457300325350 /* EmployeeListEmptyState.swift */; };
		21A5AF6D2A675B2000193FFB /* BlockTakeHomeApp.swift in Sources */ = {isa = PBXBuildFile; fileRef = 21A5AF6C2A675B2000193FFB /* BlockTakeHomeApp.swift */; };
		21A5AF6F2A675B2000193FFB /* ContentView.swift in Sources */ = {isa = PBXBuildFile; fileRef = 21A5AF6E2A675B2000193FFB /* ContentView.swift */; };
		21A5AF712A675B2100193FFB /* Assets.xcassets in Resources */ = {isa = PBXBuildFile; fileRef = 21A5AF702A675B2100193FFB /* Assets.xcassets */; };
		21A5AF742A675B2100193FFB /* Preview Assets.xcassets in Resources */ = {isa = PBXBuildFile; fileRef = 21A5AF732A675B2100193FFB /* Preview Assets.xcassets */; };
		21A5AF7E2A675B2100193FFB /* BlockTakeHomeTests.swift in Sources */ = {isa = PBXBuildFile; fileRef = 21A5AF7D2A675B2100193FFB /* BlockTakeHomeTests.swift */; };
		21A5AF882A675B2100193FFB /* BlockTakeHomeUITests.swift in Sources */ = {isa = PBXBuildFile; fileRef = 21A5AF872A675B2100193FFB /* BlockTakeHomeUITests.swift */; };
		21A5AF8A2A675B2100193FFB /* BlockTakeHomeUITestsLaunchTests.swift in Sources */ = {isa = PBXBuildFile; fileRef = 21A5AF892A675B2100193FFB /* BlockTakeHomeUITestsLaunchTests.swift */; };
		21A5AF972A6782A700193FFB /* AppCoordinator.swift in Sources */ = {isa = PBXBuildFile; fileRef = 21A5AF962A6782A700193FFB /* AppCoordinator.swift */; };
		21A5AF9A2A6783C900193FFB /* ServiceManager.swift in Sources */ = {isa = PBXBuildFile; fileRef = 21A5AF992A6783C900193FFB /* ServiceManager.swift */; };
		21A5AF9E2A67881300193FFB /* EmployeeListView.swift in Sources */ = {isa = PBXBuildFile; fileRef = 21A5AF9D2A67881300193FFB /* EmployeeListView.swift */; };
		21A5AFA52A678CF700193FFB /* Employee.swift in Sources */ = {isa = PBXBuildFile; fileRef = 21A5AFA42A678CF700193FFB /* Employee.swift */; };
		21A5AFA72A67FE2500193FFB /* IconImage.swift in Sources */ = {isa = PBXBuildFile; fileRef = 21A5AFA62A67FE2500193FFB /* IconImage.swift */; };
		21A5AFA92A67FE7200193FFB /* Icon.swift in Sources */ = {isa = PBXBuildFile; fileRef = 21A5AFA82A67FE7200193FFB /* Icon.swift */; };
		21A5AFAB2A67FFB700193FFB /* SearchBar.swift in Sources */ = {isa = PBXBuildFile; fileRef = 21A5AFAA2A67FFB700193FFB /* SearchBar.swift */; };
		21A5AFAD2A6800C900193FFB /* Colors+Block.swift in Sources */ = {isa = PBXBuildFile; fileRef = 21A5AFAC2A6800C900193FFB /* Colors+Block.swift */; };
		21A5AFB02A6804B500193FFB /* Helpers.swift in Sources */ = {isa = PBXBuildFile; fileRef = 21A5AFAF2A6804B500193FFB /* Helpers.swift */; };
		21A5AFB22A680A7700193FFB /* Fixtures.swift in Sources */ = {isa = PBXBuildFile; fileRef = 21A5AFB12A680A7700193FFB /* Fixtures.swift */; };
		21A5AFB42A680D6D00193FFB /* EmployeeCard.swift in Sources */ = {isa = PBXBuildFile; fileRef = 21A5AFB32A680D6D00193FFB /* EmployeeCard.swift */; };
		21A5AFB72A6815EE00193FFB /* FilterView.swift in Sources */ = {isa = PBXBuildFile; fileRef = 21A5AFB62A6815EE00193FFB /* FilterView.swift */; };
		21A5AFB92A68170B00193FFB /* MultipleChoiceView.swift in Sources */ = {isa = PBXBuildFile; fileRef = 21A5AFB82A68170B00193FFB /* MultipleChoiceView.swift */; };
		21A5AFBB2A6862E200193FFB /* Debouncer.swift in Sources */ = {isa = PBXBuildFile; fileRef = 21A5AFBA2A6862E200193FFB /* Debouncer.swift */; };
/* End PBXBuildFile section */

/* Begin PBXContainerItemProxy section */
		21A5AF7A2A675B2100193FFB /* PBXContainerItemProxy */ = {
			isa = PBXContainerItemProxy;
			containerPortal = 21A5AF612A675B2000193FFB /* Project object */;
			proxyType = 1;
			remoteGlobalIDString = 21A5AF682A675B2000193FFB;
			remoteInfo = BlockTakeHome;
		};
		21A5AF842A675B2100193FFB /* PBXContainerItemProxy */ = {
			isa = PBXContainerItemProxy;
			containerPortal = 21A5AF612A675B2000193FFB /* Project object */;
			proxyType = 1;
			remoteGlobalIDString = 21A5AF682A675B2000193FFB;
			remoteInfo = BlockTakeHome;
		};
/* End PBXContainerItemProxy section */

/* Begin PBXFileReference section */
		214D65582A69457300325350 /* EmployeeListEmptyState.swift */ = {isa = PBXFileReference; lastKnownFileType = sourcecode.swift; path = EmployeeListEmptyState.swift; sourceTree = "<group>"; };
		21A5AF692A675B2000193FFB /* BlockTakeHome.app */ = {isa = PBXFileReference; explicitFileType = wrapper.application; includeInIndex = 0; path = BlockTakeHome.app; sourceTree = BUILT_PRODUCTS_DIR; };
		21A5AF6C2A675B2000193FFB /* BlockTakeHomeApp.swift */ = {isa = PBXFileReference; lastKnownFileType = sourcecode.swift; path = BlockTakeHomeApp.swift; sourceTree = "<group>"; };
		21A5AF6E2A675B2000193FFB /* ContentView.swift */ = {isa = PBXFileReference; lastKnownFileType = sourcecode.swift; path = ContentView.swift; sourceTree = "<group>"; };
		21A5AF702A675B2100193FFB /* Assets.xcassets */ = {isa = PBXFileReference; lastKnownFileType = folder.assetcatalog; path = Assets.xcassets; sourceTree = "<group>"; };
		21A5AF732A675B2100193FFB /* Preview Assets.xcassets */ = {isa = PBXFileReference; lastKnownFileType = folder.assetcatalog; path = "Preview Assets.xcassets"; sourceTree = "<group>"; };
		21A5AF792A675B2100193FFB /* BlockTakeHomeTests.xctest */ = {isa = PBXFileReference; explicitFileType = wrapper.cfbundle; includeInIndex = 0; path = BlockTakeHomeTests.xctest; sourceTree = BUILT_PRODUCTS_DIR; };
		21A5AF7D2A675B2100193FFB /* BlockTakeHomeTests.swift */ = {isa = PBXFileReference; lastKnownFileType = sourcecode.swift; path = BlockTakeHomeTests.swift; sourceTree = "<group>"; };
		21A5AF832A675B2100193FFB /* BlockTakeHomeUITests.xctest */ = {isa = PBXFileReference; explicitFileType = wrapper.cfbundle; includeInIndex = 0; path = BlockTakeHomeUITests.xctest; sourceTree = BUILT_PRODUCTS_DIR; };
		21A5AF872A675B2100193FFB /* BlockTakeHomeUITests.swift */ = {isa = PBXFileReference; lastKnownFileType = sourcecode.swift; path = BlockTakeHomeUITests.swift; sourceTree = "<group>"; };
		21A5AF892A675B2100193FFB /* BlockTakeHomeUITestsLaunchTests.swift */ = {isa = PBXFileReference; lastKnownFileType = sourcecode.swift; path = BlockTakeHomeUITestsLaunchTests.swift; sourceTree = "<group>"; };
		21A5AF962A6782A700193FFB /* AppCoordinator.swift */ = {isa = PBXFileReference; lastKnownFileType = sourcecode.swift; path = AppCoordinator.swift; sourceTree = "<group>"; };
		21A5AF992A6783C900193FFB /* ServiceManager.swift */ = {isa = PBXFileReference; lastKnownFileType = sourcecode.swift; path = ServiceManager.swift; sourceTree = "<group>"; };
		21A5AF9D2A67881300193FFB /* EmployeeListView.swift */ = {isa = PBXFileReference; lastKnownFileType = sourcecode.swift; path = EmployeeListView.swift; sourceTree = "<group>"; };
		21A5AFA42A678CF700193FFB /* Employee.swift */ = {isa = PBXFileReference; lastKnownFileType = sourcecode.swift; path = Employee.swift; sourceTree = "<group>"; };
		21A5AFA62A67FE2500193FFB /* IconImage.swift */ = {isa = PBXFileReference; lastKnownFileType = sourcecode.swift; path = IconImage.swift; sourceTree = "<group>"; };
		21A5AFA82A67FE7200193FFB /* Icon.swift */ = {isa = PBXFileReference; lastKnownFileType = sourcecode.swift; path = Icon.swift; sourceTree = "<group>"; };
		21A5AFAA2A67FFB700193FFB /* SearchBar.swift */ = {isa = PBXFileReference; lastKnownFileType = sourcecode.swift; path = SearchBar.swift; sourceTree = "<group>"; };
		21A5AFAC2A6800C900193FFB /* Colors+Block.swift */ = {isa = PBXFileReference; lastKnownFileType = sourcecode.swift; path = "Colors+Block.swift"; sourceTree = "<group>"; };
		21A5AFAF2A6804B500193FFB /* Helpers.swift */ = {isa = PBXFileReference; lastKnownFileType = sourcecode.swift; path = Helpers.swift; sourceTree = "<group>"; };
		21A5AFB12A680A7700193FFB /* Fixtures.swift */ = {isa = PBXFileReference; lastKnownFileType = sourcecode.swift; path = Fixtures.swift; sourceTree = "<group>"; };
		21A5AFB32A680D6D00193FFB /* EmployeeCard.swift */ = {isa = PBXFileReference; lastKnownFileType = sourcecode.swift; path = EmployeeCard.swift; sourceTree = "<group>"; };
		21A5AFB62A6815EE00193FFB /* FilterView.swift */ = {isa = PBXFileReference; lastKnownFileType = sourcecode.swift; path = FilterView.swift; sourceTree = "<group>"; };
		21A5AFB82A68170B00193FFB /* MultipleChoiceView.swift */ = {isa = PBXFileReference; lastKnownFileType = sourcecode.swift; path = MultipleChoiceView.swift; sourceTree = "<group>"; };
		21A5AFBA2A6862E200193FFB /* Debouncer.swift */ = {isa = PBXFileReference; lastKnownFileType = sourcecode.swift; path = Debouncer.swift; sourceTree = "<group>"; };
/* End PBXFileReference section */

/* Begin PBXFrameworksBuildPhase section */
		21A5AF662A675B2000193FFB /* Frameworks */ = {
			isa = PBXFrameworksBuildPhase;
			buildActionMask = 2147483647;
			files = (
			);
			runOnlyForDeploymentPostprocessing = 0;
		};
		21A5AF762A675B2100193FFB /* Frameworks */ = {
			isa = PBXFrameworksBuildPhase;
			buildActionMask = 2147483647;
			files = (
			);
			runOnlyForDeploymentPostprocessing = 0;
		};
		21A5AF802A675B2100193FFB /* Frameworks */ = {
			isa = PBXFrameworksBuildPhase;
			buildActionMask = 2147483647;
			files = (
			);
			runOnlyForDeploymentPostprocessing = 0;
		};
/* End PBXFrameworksBuildPhase section */

/* Begin PBXGroup section */
		214D655C2A69548800325350 /* Resources */ = {
			isa = PBXGroup;
			children = (
				214D655D2A69548E00325350 /* Animations */,
			);
			path = Resources;
			sourceTree = "<group>";
		};
		214D655D2A69548E00325350 /* Animations */ = {
			isa = PBXGroup;
			children = (
			);
			path = Animations;
			sourceTree = "<group>";
		};
		21A5AF602A675B2000193FFB = {
			isa = PBXGroup;
			children = (
				21A5AF6B2A675B2000193FFB /* BlockTakeHome */,
				21A5AF7C2A675B2100193FFB /* BlockTakeHomeTests */,
				21A5AF862A675B2100193FFB /* BlockTakeHomeUITests */,
				21A5AF6A2A675B2000193FFB /* Products */,
			);
			sourceTree = "<group>";
		};
		21A5AF6A2A675B2000193FFB /* Products */ = {
			isa = PBXGroup;
			children = (
				21A5AF692A675B2000193FFB /* BlockTakeHome.app */,
				21A5AF792A675B2100193FFB /* BlockTakeHomeTests.xctest */,
				21A5AF832A675B2100193FFB /* BlockTakeHomeUITests.xctest */,
			);
			name = Products;
			sourceTree = "<group>";
		};
		21A5AF6B2A675B2000193FFB /* BlockTakeHome */ = {
			isa = PBXGroup;
			children = (
				214D655C2A69548800325350 /* Resources */,
				21A5AFAE2A6804A800193FFB /* Helpers */,
				21A5AF9C2A6787FD00193FFB /* Models */,
				21A5AF9B2A6787F600193FFB /* Views */,
				21A5AF982A6783B600193FFB /* Services */,
				21A5AF6C2A675B2000193FFB /* BlockTakeHomeApp.swift */,
				21A5AF6E2A675B2000193FFB /* ContentView.swift */,
				21A5AF702A675B2100193FFB /* Assets.xcassets */,
				21A5AF722A675B2100193FFB /* Preview Content */,
				21A5AF962A6782A700193FFB /* AppCoordinator.swift */,
			);
			path = BlockTakeHome;
			sourceTree = "<group>";
		};
		21A5AF722A675B2100193FFB /* Preview Content */ = {
			isa = PBXGroup;
			children = (
				21A5AF732A675B2100193FFB /* Preview Assets.xcassets */,
			);
			path = "Preview Content";
			sourceTree = "<group>";
		};
		21A5AF7C2A675B2100193FFB /* BlockTakeHomeTests */ = {
			isa = PBXGroup;
			children = (
				21A5AF7D2A675B2100193FFB /* BlockTakeHomeTests.swift */,
			);
			path = BlockTakeHomeTests;
			sourceTree = "<group>";
		};
		21A5AF862A675B2100193FFB /* BlockTakeHomeUITests */ = {
			isa = PBXGroup;
			children = (
				21A5AF872A675B2100193FFB /* BlockTakeHomeUITests.swift */,
				21A5AF892A675B2100193FFB /* BlockTakeHomeUITestsLaunchTests.swift */,
			);
			path = BlockTakeHomeUITests;
			sourceTree = "<group>";
		};
		21A5AF982A6783B600193FFB /* Services */ = {
			isa = PBXGroup;
			children = (
				21A5AF992A6783C900193FFB /* ServiceManager.swift */,
			);
			path = Services;
			sourceTree = "<group>";
		};
		21A5AF9B2A6787F600193FFB /* Views */ = {
			isa = PBXGroup;
			children = (
				21A5AFA02A67882600193FFB /* Screens */,
				21A5AF9F2A67881900193FFB /* Components */,
			);
			path = Views;
			sourceTree = "<group>";
		};
		21A5AF9C2A6787FD00193FFB /* Models */ = {
			isa = PBXGroup;
			children = (
				21A5AFA42A678CF700193FFB /* Employee.swift */,
			);
			path = Models;
			sourceTree = "<group>";
		};
		21A5AF9F2A67881900193FFB /* Components */ = {
			isa = PBXGroup;
			children = (
				21A5AFB52A6815DE00193FFB /* Particles */,
				21A5AFA22A67886B00193FFB /* Molecules */,
				21A5AFA12A67886000193FFB /* Atoms */,
			);
			path = Components;
			sourceTree = "<group>";
		};
		21A5AFA02A67882600193FFB /* Screens */ = {
			isa = PBXGroup;
			children = (
				21A5AF9D2A67881300193FFB /* EmployeeListView.swift */,
			);
			path = Screens;
			sourceTree = "<group>";
		};
		21A5AFA12A67886000193FFB /* Atoms */ = {
			isa = PBXGroup;
			children = (
				21A5AFA62A67FE2500193FFB /* IconImage.swift */,
				21A5AFA82A67FE7200193FFB /* Icon.swift */,
				21A5AFAC2A6800C900193FFB /* Colors+Block.swift */,
			);
			path = Atoms;
			sourceTree = "<group>";
		};
		21A5AFA22A67886B00193FFB /* Molecules */ = {
			isa = PBXGroup;
			children = (
				21A5AFAA2A67FFB700193FFB /* SearchBar.swift */,
				21A5AFB32A680D6D00193FFB /* EmployeeCard.swift */,
				214D65582A69457300325350 /* EmployeeListEmptyState.swift */,
			);
			path = Molecules;
			sourceTree = "<group>";
		};
		21A5AFAE2A6804A800193FFB /* Helpers */ = {
			isa = PBXGroup;
			children = (
				21A5AFAF2A6804B500193FFB /* Helpers.swift */,
				21A5AFB12A680A7700193FFB /* Fixtures.swift */,
				21A5AFBA2A6862E200193FFB /* Debouncer.swift */,
			);
			path = Helpers;
			sourceTree = "<group>";
		};
		21A5AFB52A6815DE00193FFB /* Particles */ = {
			isa = PBXGroup;
			children = (
				21A5AFB62A6815EE00193FFB /* FilterView.swift */,
				21A5AFB82A68170B00193FFB /* MultipleChoiceView.swift */,
			);
			path = Particles;
			sourceTree = "<group>";
		};
/* End PBXGroup section */

/* Begin PBXNativeTarget section */
		21A5AF682A675B2000193FFB /* BlockTakeHome */ = {
			isa = PBXNativeTarget;
			buildConfigurationList = 21A5AF8D2A675B2100193FFB /* Build configuration list for PBXNativeTarget "BlockTakeHome" */;
			buildPhases = (
				21A5AF652A675B2000193FFB /* Sources */,
				21A5AF662A675B2000193FFB /* Frameworks */,
				21A5AF672A675B2000193FFB /* Resources */,
			);
			buildRules = (
			);
			dependencies = (
			);
			name = BlockTakeHome;
			productName = BlockTakeHome;
			productReference = 21A5AF692A675B2000193FFB /* BlockTakeHome.app */;
			productType = "com.apple.product-type.application";
		};
		21A5AF782A675B2100193FFB /* BlockTakeHomeTests */ = {
			isa = PBXNativeTarget;
			buildConfigurationList = 21A5AF902A675B2100193FFB /* Build configuration list for PBXNativeTarget "BlockTakeHomeTests" */;
			buildPhases = (
				21A5AF752A675B2100193FFB /* Sources */,
				21A5AF762A675B2100193FFB /* Frameworks */,
				21A5AF772A675B2100193FFB /* Resources */,
			);
			buildRules = (
			);
			dependencies = (
				21A5AF7B2A675B2100193FFB /* PBXTargetDependency */,
			);
			name = BlockTakeHomeTests;
			productName = BlockTakeHomeTests;
			productReference = 21A5AF792A675B2100193FFB /* BlockTakeHomeTests.xctest */;
			productType = "com.apple.product-type.bundle.unit-test";
		};
		21A5AF822A675B2100193FFB /* BlockTakeHomeUITests */ = {
			isa = PBXNativeTarget;
			buildConfigurationList = 21A5AF932A675B2100193FFB /* Build configuration list for PBXNativeTarget "BlockTakeHomeUITests" */;
			buildPhases = (
				21A5AF7F2A675B2100193FFB /* Sources */,
				21A5AF802A675B2100193FFB /* Frameworks */,
				21A5AF812A675B2100193FFB /* Resources */,
			);
			buildRules = (
			);
			dependencies = (
				21A5AF852A675B2100193FFB /* PBXTargetDependency */,
			);
			name = BlockTakeHomeUITests;
			productName = BlockTakeHomeUITests;
			productReference = 21A5AF832A675B2100193FFB /* BlockTakeHomeUITests.xctest */;
			productType = "com.apple.product-type.bundle.ui-testing";
		};
/* End PBXNativeTarget section */

/* Begin PBXProject section */
		21A5AF612A675B2000193FFB /* Project object */ = {
			isa = PBXProject;
			attributes = {
				BuildIndependentTargetsInParallel = 1;
				LastSwiftUpdateCheck = 1430;
				LastUpgradeCheck = 1430;
				TargetAttributes = {
					21A5AF682A675B2000193FFB = {
						CreatedOnToolsVersion = 14.3.1;
					};
					21A5AF782A675B2100193FFB = {
						CreatedOnToolsVersion = 14.3.1;
						TestTargetID = 21A5AF682A675B2000193FFB;
					};
					21A5AF822A675B2100193FFB = {
						CreatedOnToolsVersion = 14.3.1;
						TestTargetID = 21A5AF682A675B2000193FFB;
					};
				};
			};
			buildConfigurationList = 21A5AF642A675B2000193FFB /* Build configuration list for PBXProject "BlockTakeHome" */;
			compatibilityVersion = "Xcode 14.0";
			developmentRegion = en;
			hasScannedForEncodings = 0;
			knownRegions = (
				en,
				Base,
			);
			mainGroup = 21A5AF602A675B2000193FFB;
			productRefGroup = 21A5AF6A2A675B2000193FFB /* Products */;
			projectDirPath = "";
			projectRoot = "";
			targets = (
				21A5AF682A675B2000193FFB /* BlockTakeHome */,
				21A5AF782A675B2100193FFB /* BlockTakeHomeTests */,
				21A5AF822A675B2100193FFB /* BlockTakeHomeUITests */,
			);
		};
/* End PBXProject section */

/* Begin PBXResourcesBuildPhase section */
		21A5AF672A675B2000193FFB /* Resources */ = {
			isa = PBXResourcesBuildPhase;
			buildActionMask = 2147483647;
			files = (
				21A5AF742A675B2100193FFB /* Preview Assets.xcassets in Resources */,
				21A5AF712A675B2100193FFB /* Assets.xcassets in Resources */,
			);
			runOnlyForDeploymentPostprocessing = 0;
		};
		21A5AF772A675B2100193FFB /* Resources */ = {
			isa = PBXResourcesBuildPhase;
			buildActionMask = 2147483647;
			files = (
			);
			runOnlyForDeploymentPostprocessing = 0;
		};
		21A5AF812A675B2100193FFB /* Resources */ = {
			isa = PBXResourcesBuildPhase;
			buildActionMask = 2147483647;
			files = (
			);
			runOnlyForDeploymentPostprocessing = 0;
		};
/* End PBXResourcesBuildPhase section */

/* Begin PBXSourcesBuildPhase section */
		21A5AF652A675B2000193FFB /* Sources */ = {
			isa = PBXSourcesBuildPhase;
			buildActionMask = 2147483647;
			files = (
				21A5AFB72A6815EE00193FFB /* FilterView.swift in Sources */,
				21A5AFBB2A6862E200193FFB /* Debouncer.swift in Sources */,
				21A5AF972A6782A700193FFB /* AppCoordinator.swift in Sources */,
				21A5AFA52A678CF700193FFB /* Employee.swift in Sources */,
				21A5AF9E2A67881300193FFB /* EmployeeListView.swift in Sources */,
				21A5AFAD2A6800C900193FFB /* Colors+Block.swift in Sources */,
				21A5AFB92A68170B00193FFB /* MultipleChoiceView.swift in Sources */,
				214D65592A69457300325350 /* EmployeeListEmptyState.swift in Sources */,
				21A5AFB02A6804B500193FFB /* Helpers.swift in Sources */,
				21A5AFA72A67FE2500193FFB /* IconImage.swift in Sources */,
				21A5AF6F2A675B2000193FFB /* ContentView.swift in Sources */,
				21A5AFAB2A67FFB700193FFB /* SearchBar.swift in Sources */,
				21A5AF6D2A675B2000193FFB /* BlockTakeHomeApp.swift in Sources */,
				21A5AFA92A67FE7200193FFB /* Icon.swift in Sources */,
				21A5AF9A2A6783C900193FFB /* ServiceManager.swift in Sources */,
				21A5AFB22A680A7700193FFB /* Fixtures.swift in Sources */,
				21A5AFB42A680D6D00193FFB /* EmployeeCard.swift in Sources */,
			);
			runOnlyForDeploymentPostprocessing = 0;
		};
		21A5AF752A675B2100193FFB /* Sources */ = {
			isa = PBXSourcesBuildPhase;
			buildActionMask = 2147483647;
			files = (
				21A5AF7E2A675B2100193FFB /* BlockTakeHomeTests.swift in Sources */,
			);
			runOnlyForDeploymentPostprocessing = 0;
		};
		21A5AF7F2A675B2100193FFB /* Sources */ = {
			isa = PBXSourcesBuildPhase;
			buildActionMask = 2147483647;
			files = (
				21A5AF8A2A675B2100193FFB /* BlockTakeHomeUITestsLaunchTests.swift in Sources */,
				21A5AF882A675B2100193FFB /* BlockTakeHomeUITests.swift in Sources */,
			);
			runOnlyForDeploymentPostprocessing = 0;
		};
/* End PBXSourcesBuildPhase section */

/* Begin PBXTargetDependency section */
		21A5AF7B2A675B2100193FFB /* PBXTargetDependency */ = {
			isa = PBXTargetDependency;
			target = 21A5AF682A675B2000193FFB /* BlockTakeHome */;
			targetProxy = 21A5AF7A2A675B2100193FFB /* PBXContainerItemProxy */;
		};
		21A5AF852A675B2100193FFB /* PBXTargetDependency */ = {
			isa = PBXTargetDependency;
			target = 21A5AF682A675B2000193FFB /* BlockTakeHome */;
			targetProxy = 21A5AF842A675B2100193FFB /* PBXContainerItemProxy */;
		};
/* End PBXTargetDependency section */

/* Begin XCBuildConfiguration section */
		21A5AF8B2A675B2100193FFB /* Debug */ = {
			isa = XCBuildConfiguration;
			buildSettings = {
				ALWAYS_SEARCH_USER_PATHS = NO;
				CLANG_ANALYZER_NONNULL = YES;
				CLANG_ANALYZER_NUMBER_OBJECT_CONVERSION = YES_AGGRESSIVE;
				CLANG_CXX_LANGUAGE_STANDARD = "gnu++20";
				CLANG_ENABLE_MODULES = YES;
				CLANG_ENABLE_OBJC_ARC = YES;
				CLANG_ENABLE_OBJC_WEAK = YES;
				CLANG_WARN_BLOCK_CAPTURE_AUTORELEASING = YES;
				CLANG_WARN_BOOL_CONVERSION = YES;
				CLANG_WARN_COMMA = YES;
				CLANG_WARN_CONSTANT_CONVERSION = YES;
				CLANG_WARN_DEPRECATED_OBJC_IMPLEMENTATIONS = YES;
				CLANG_WARN_DIRECT_OBJC_ISA_USAGE = YES_ERROR;
				CLANG_WARN_DOCUMENTATION_COMMENTS = YES;
				CLANG_WARN_EMPTY_BODY = YES;
				CLANG_WARN_ENUM_CONVERSION = YES;
				CLANG_WARN_INFINITE_RECURSION = YES;
				CLANG_WARN_INT_CONVERSION = YES;
				CLANG_WARN_NON_LITERAL_NULL_CONVERSION = YES;
				CLANG_WARN_OBJC_IMPLICIT_RETAIN_SELF = YES;
				CLANG_WARN_OBJC_LITERAL_CONVERSION = YES;
				CLANG_WARN_OBJC_ROOT_CLASS = YES_ERROR;
				CLANG_WARN_QUOTED_INCLUDE_IN_FRAMEWORK_HEADER = YES;
				CLANG_WARN_RANGE_LOOP_ANALYSIS = YES;
				CLANG_WARN_STRICT_PROTOTYPES = YES;
				CLANG_WARN_SUSPICIOUS_MOVE = YES;
				CLANG_WARN_UNGUARDED_AVAILABILITY = YES_AGGRESSIVE;
				CLANG_WARN_UNREACHABLE_CODE = YES;
				CLANG_WARN__DUPLICATE_METHOD_MATCH = YES;
				COPY_PHASE_STRIP = NO;
				DEBUG_INFORMATION_FORMAT = dwarf;
				ENABLE_STRICT_OBJC_MSGSEND = YES;
				ENABLE_TESTABILITY = YES;
				GCC_C_LANGUAGE_STANDARD = gnu11;
				GCC_DYNAMIC_NO_PIC = NO;
				GCC_NO_COMMON_BLOCKS = YES;
				GCC_OPTIMIZATION_LEVEL = 0;
				GCC_PREPROCESSOR_DEFINITIONS = (
					"DEBUG=1",
					"$(inherited)",
				);
				GCC_WARN_64_TO_32_BIT_CONVERSION = YES;
				GCC_WARN_ABOUT_RETURN_TYPE = YES_ERROR;
				GCC_WARN_UNDECLARED_SELECTOR = YES;
				GCC_WARN_UNINITIALIZED_AUTOS = YES_AGGRESSIVE;
				GCC_WARN_UNUSED_FUNCTION = YES;
				GCC_WARN_UNUSED_VARIABLE = YES;
				IPHONEOS_DEPLOYMENT_TARGET = 16.4;
				MTL_ENABLE_DEBUG_INFO = INCLUDE_SOURCE;
				MTL_FAST_MATH = YES;
				ONLY_ACTIVE_ARCH = YES;
				SDKROOT = iphoneos;
				SWIFT_ACTIVE_COMPILATION_CONDITIONS = DEBUG;
				SWIFT_OPTIMIZATION_LEVEL = "-Onone";
			};
			name = Debug;
		};
		21A5AF8C2A675B2100193FFB /* Release */ = {
			isa = XCBuildConfiguration;
			buildSettings = {
				ALWAYS_SEARCH_USER_PATHS = NO;
				CLANG_ANALYZER_NONNULL = YES;
				CLANG_ANALYZER_NUMBER_OBJECT_CONVERSION = YES_AGGRESSIVE;
				CLANG_CXX_LANGUAGE_STANDARD = "gnu++20";
				CLANG_ENABLE_MODULES = YES;
				CLANG_ENABLE_OBJC_ARC = YES;
				CLANG_ENABLE_OBJC_WEAK = YES;
				CLANG_WARN_BLOCK_CAPTURE_AUTORELEASING = YES;
				CLANG_WARN_BOOL_CONVERSION = YES;
				CLANG_WARN_COMMA = YES;
				CLANG_WARN_CONSTANT_CONVERSION = YES;
				CLANG_WARN_DEPRECATED_OBJC_IMPLEMENTATIONS = YES;
				CLANG_WARN_DIRECT_OBJC_ISA_USAGE = YES_ERROR;
				CLANG_WARN_DOCUMENTATION_COMMENTS = YES;
				CLANG_WARN_EMPTY_BODY = YES;
				CLANG_WARN_ENUM_CONVERSION = YES;
				CLANG_WARN_INFINITE_RECURSION = YES;
				CLANG_WARN_INT_CONVERSION = YES;
				CLANG_WARN_NON_LITERAL_NULL_CONVERSION = YES;
				CLANG_WARN_OBJC_IMPLICIT_RETAIN_SELF = YES;
				CLANG_WARN_OBJC_LITERAL_CONVERSION = YES;
				CLANG_WARN_OBJC_ROOT_CLASS = YES_ERROR;
				CLANG_WARN_QUOTED_INCLUDE_IN_FRAMEWORK_HEADER = YES;
				CLANG_WARN_RANGE_LOOP_ANALYSIS = YES;
				CLANG_WARN_STRICT_PROTOTYPES = YES;
				CLANG_WARN_SUSPICIOUS_MOVE = YES;
				CLANG_WARN_UNGUARDED_AVAILABILITY = YES_AGGRESSIVE;
				CLANG_WARN_UNREACHABLE_CODE = YES;
				CLANG_WARN__DUPLICATE_METHOD_MATCH = YES;
				COPY_PHASE_STRIP = NO;
				DEBUG_INFORMATION_FORMAT = "dwarf-with-dsym";
				ENABLE_NS_ASSERTIONS = NO;
				ENABLE_STRICT_OBJC_MSGSEND = YES;
				GCC_C_LANGUAGE_STANDARD = gnu11;
				GCC_NO_COMMON_BLOCKS = YES;
				GCC_WARN_64_TO_32_BIT_CONVERSION = YES;
				GCC_WARN_ABOUT_RETURN_TYPE = YES_ERROR;
				GCC_WARN_UNDECLARED_SELECTOR = YES;
				GCC_WARN_UNINITIALIZED_AUTOS = YES_AGGRESSIVE;
				GCC_WARN_UNUSED_FUNCTION = YES;
				GCC_WARN_UNUSED_VARIABLE = YES;
				IPHONEOS_DEPLOYMENT_TARGET = 16.4;
				MTL_ENABLE_DEBUG_INFO = NO;
				MTL_FAST_MATH = YES;
				SDKROOT = iphoneos;
				SWIFT_COMPILATION_MODE = wholemodule;
				SWIFT_OPTIMIZATION_LEVEL = "-O";
				VALIDATE_PRODUCT = YES;
			};
			name = Release;
		};
		21A5AF8E2A675B2100193FFB /* Debug */ = {
			isa = XCBuildConfiguration;
			buildSettings = {
				ASSETCATALOG_COMPILER_APPICON_NAME = AppIcon;
				ASSETCATALOG_COMPILER_GLOBAL_ACCENT_COLOR_NAME = AccentColor;
				CODE_SIGN_STYLE = Automatic;
				CURRENT_PROJECT_VERSION = 1;
				DEVELOPMENT_ASSET_PATHS = "\"BlockTakeHome/Preview Content\"";
				DEVELOPMENT_TEAM = ZG887P86D5;
				ENABLE_PREVIEWS = YES;
				GENERATE_INFOPLIST_FILE = YES;
				INFOPLIST_KEY_UIApplicationSceneManifest_Generation = YES;
				INFOPLIST_KEY_UIApplicationSupportsIndirectInputEvents = YES;
				INFOPLIST_KEY_UILaunchScreen_Generation = YES;
				INFOPLIST_KEY_UISupportedInterfaceOrientations_iPad = "UIInterfaceOrientationPortrait UIInterfaceOrientationPortraitUpsideDown UIInterfaceOrientationLandscapeLeft UIInterfaceOrientationLandscapeRight";
				INFOPLIST_KEY_UISupportedInterfaceOrientations_iPhone = "UIInterfaceOrientationPortrait UIInterfaceOrientationLandscapeLeft UIInterfaceOrientationLandscapeRight";
				IPHONEOS_DEPLOYMENT_TARGET = 14.0;
				LD_RUNPATH_SEARCH_PATHS = (
					"$(inherited)",
					"@executable_path/Frameworks",
				);
				MARKETING_VERSION = 1.0;
				PRODUCT_BUNDLE_IDENTIFIER = Tremaine.BlockTakeHome;
				PRODUCT_NAME = "$(TARGET_NAME)";
				SWIFT_EMIT_LOC_STRINGS = YES;
				SWIFT_VERSION = 5.0;
				TARGETED_DEVICE_FAMILY = "1,2";
			};
			name = Debug;
		};
		21A5AF8F2A675B2100193FFB /* Release */ = {
			isa = XCBuildConfiguration;
			buildSettings = {
				ASSETCATALOG_COMPILER_APPICON_NAME = AppIcon;
				ASSETCATALOG_COMPILER_GLOBAL_ACCENT_COLOR_NAME = AccentColor;
				CODE_SIGN_STYLE = Automatic;
				CURRENT_PROJECT_VERSION = 1;
				DEVELOPMENT_ASSET_PATHS = "\"BlockTakeHome/Preview Content\"";
				DEVELOPMENT_TEAM = ZG887P86D5;
				ENABLE_PREVIEWS = YES;
				GENERATE_INFOPLIST_FILE = YES;
				INFOPLIST_KEY_UIApplicationSceneManifest_Generation = YES;
				INFOPLIST_KEY_UIApplicationSupportsIndirectInputEvents = YES;
				INFOPLIST_KEY_UILaunchScreen_Generation = YES;
				INFOPLIST_KEY_UISupportedInterfaceOrientations_iPad = "UIInterfaceOrientationPortrait UIInterfaceOrientationPortraitUpsideDown UIInterfaceOrientationLandscapeLeft UIInterfaceOrientationLandscapeRight";
				INFOPLIST_KEY_UISupportedInterfaceOrientations_iPhone = "UIInterfaceOrientationPortrait UIInterfaceOrientationLandscapeLeft UIInterfaceOrientationLandscapeRight";
				IPHONEOS_DEPLOYMENT_TARGET = 14.0;
				LD_RUNPATH_SEARCH_PATHS = (
					"$(inherited)",
					"@executable_path/Frameworks",
				);
				MARKETING_VERSION = 1.0;
				PRODUCT_BUNDLE_IDENTIFIER = Tremaine.BlockTakeHome;
				PRODUCT_NAME = "$(TARGET_NAME)";
				SWIFT_EMIT_LOC_STRINGS = YES;
				SWIFT_VERSION = 5.0;
				TARGETED_DEVICE_FAMILY = "1,2";
			};
			name = Release;
		};
		21A5AF912A675B2100193FFB /* Debug */ = {
			isa = XCBuildConfiguration;
			buildSettings = {
				ALWAYS_EMBED_SWIFT_STANDARD_LIBRARIES = YES;
				BUNDLE_LOADER = "$(TEST_HOST)";
				CODE_SIGN_STYLE = Automatic;
				CURRENT_PROJECT_VERSION = 1;
				DEVELOPMENT_TEAM = ZG887P86D5;
				GENERATE_INFOPLIST_FILE = YES;
				IPHONEOS_DEPLOYMENT_TARGET = 16.4;
				MARKETING_VERSION = 1.0;
				PRODUCT_BUNDLE_IDENTIFIER = Tremaine.BlockTakeHomeTests;
				PRODUCT_NAME = "$(TARGET_NAME)";
				SWIFT_EMIT_LOC_STRINGS = NO;
				SWIFT_VERSION = 5.0;
				TARGETED_DEVICE_FAMILY = "1,2";
				TEST_HOST = "$(BUILT_PRODUCTS_DIR)/BlockTakeHome.app/$(BUNDLE_EXECUTABLE_FOLDER_PATH)/BlockTakeHome";
			};
			name = Debug;
		};
		21A5AF922A675B2100193FFB /* Release */ = {
			isa = XCBuildConfiguration;
			buildSettings = {
				ALWAYS_EMBED_SWIFT_STANDARD_LIBRARIES = YES;
				BUNDLE_LOADER = "$(TEST_HOST)";
				CODE_SIGN_STYLE = Automatic;
				CURRENT_PROJECT_VERSION = 1;
				DEVELOPMENT_TEAM = ZG887P86D5;
				GENERATE_INFOPLIST_FILE = YES;
				IPHONEOS_DEPLOYMENT_TARGET = 16.4;
				MARKETING_VERSION = 1.0;
				PRODUCT_BUNDLE_IDENTIFIER = Tremaine.BlockTakeHomeTests;
				PRODUCT_NAME = "$(TARGET_NAME)";
				SWIFT_EMIT_LOC_STRINGS = NO;
				SWIFT_VERSION = 5.0;
				TARGETED_DEVICE_FAMILY = "1,2";
				TEST_HOST = "$(BUILT_PRODUCTS_DIR)/BlockTakeHome.app/$(BUNDLE_EXECUTABLE_FOLDER_PATH)/BlockTakeHome";
			};
			name = Release;
		};
		21A5AF942A675B2100193FFB /* Debug */ = {
			isa = XCBuildConfiguration;
			buildSettings = {
				ALWAYS_EMBED_SWIFT_STANDARD_LIBRARIES = YES;
				CODE_SIGN_STYLE = Automatic;
				CURRENT_PROJECT_VERSION = 1;
				DEVELOPMENT_TEAM = ZG887P86D5;
				GENERATE_INFOPLIST_FILE = YES;
				MARKETING_VERSION = 1.0;
				PRODUCT_BUNDLE_IDENTIFIER = Tremaine.BlockTakeHomeUITests;
				PRODUCT_NAME = "$(TARGET_NAME)";
				SWIFT_EMIT_LOC_STRINGS = NO;
				SWIFT_VERSION = 5.0;
				TARGETED_DEVICE_FAMILY = "1,2";
				TEST_TARGET_NAME = BlockTakeHome;
			};
			name = Debug;
		};
		21A5AF952A675B2100193FFB /* Release */ = {
			isa = XCBuildConfiguration;
			buildSettings = {
				ALWAYS_EMBED_SWIFT_STANDARD_LIBRARIES = YES;
				CODE_SIGN_STYLE = Automatic;
				CURRENT_PROJECT_VERSION = 1;
				DEVELOPMENT_TEAM = ZG887P86D5;
				GENERATE_INFOPLIST_FILE = YES;
				MARKETING_VERSION = 1.0;
				PRODUCT_BUNDLE_IDENTIFIER = Tremaine.BlockTakeHomeUITests;
				PRODUCT_NAME = "$(TARGET_NAME)";
				SWIFT_EMIT_LOC_STRINGS = NO;
				SWIFT_VERSION = 5.0;
				TARGETED_DEVICE_FAMILY = "1,2";
				TEST_TARGET_NAME = BlockTakeHome;
			};
			name = Release;
		};
/* End XCBuildConfiguration section */

/* Begin XCConfigurationList section */
		21A5AF642A675B2000193FFB /* Build configuration list for PBXProject "BlockTakeHome" */ = {
			isa = XCConfigurationList;
			buildConfigurations = (
				21A5AF8B2A675B2100193FFB /* Debug */,
				21A5AF8C2A675B2100193FFB /* Release */,
			);
			defaultConfigurationIsVisible = 0;
			defaultConfigurationName = Release;
		};
		21A5AF8D2A675B2100193FFB /* Build configuration list for PBXNativeTarget "BlockTakeHome" */ = {
			isa = XCConfigurationList;
			buildConfigurations = (
				21A5AF8E2A675B2100193FFB /* Debug */,
				21A5AF8F2A675B2100193FFB /* Release */,
			);
			defaultConfigurationIsVisible = 0;
			defaultConfigurationName = Release;
		};
		21A5AF902A675B2100193FFB /* Build configuration list for PBXNativeTarget "BlockTakeHomeTests" */ = {
			isa = XCConfigurationList;
			buildConfigurations = (
				21A5AF912A675B2100193FFB /* Debug */,
				21A5AF922A675B2100193FFB /* Release */,
			);
			defaultConfigurationIsVisible = 0;
			defaultConfigurationName = Release;
		};
		21A5AF932A675B2100193FFB /* Build configuration list for PBXNativeTarget "BlockTakeHomeUITests" */ = {
			isa = XCConfigurationList;
			buildConfigurations = (
				21A5AF942A675B2100193FFB /* Debug */,
				21A5AF952A675B2100193FFB /* Release */,
			);
			defaultConfigurationIsVisible = 0;
			defaultConfigurationName = Release;
		};
/* End XCConfigurationList section */
	};
	rootObject = 21A5AF612A675B2000193FFB /* Project object */;
}
